
Microsoft Visual Studio Solution File, Format Version 12.00
# Visual Studio Version 16
VisualStudioVersion = 16.0.31112.23
MinimumVisualStudioVersion = 10.0.40219.1
Project("{FAE04EC0-301F-11D3-BF4B-00C04F79EFBC}") = "CustomerInfo", "ConsoleApp2\CustomerInfo.csproj", "{F6B9ED7D-55B9-4D8E-8F8C-190D3C61DE35}"
EndProject
Global
	GlobalSection(SolutionConfigurationPlatforms) = preSolution
		Debug|Any CPU = Debug|Any CPU
		Release|Any CPU = Release|Any CPU
	EndGlobalSection
	GlobalSection(ProjectConfigurationPlatforms) = postSolution
		{F6B9ED7D-55B9-4D8E-8F8C-190D3C61DE35}.Debug|Any CPU.ActiveCfg = Debug|Any CPU
		{F6B9ED7D-55B9-4D8E-8F8C-190D3C61DE35}.Debug|Any CPU.Build.0 = Debug|Any CPU
		{F6B9ED7D-55B9-4D8E-8F8C-190D3C61DE35}.Release|Any CPU.ActiveCfg = Release|Any CPU
		{F6B9ED7D-55B9-4D8E-8F8C-190D3C61DE35}.Release|Any CPU.Build.0 = Release|Any CPU
	EndGlobalSection
	GlobalSection(SolutionProperties) = preSolution
		HideSolutionNode = FALSE
	EndGlobalSection
	GlobalSection(ExtensibilityGlobals) = postSolution
		SolutionGuid = {D070FB01-47C2-434B-B10C-650DD5420D4E}
	EndGlobalSection
EndGlobal
